
Microsoft Visual Studio Solution File, Format Version 12.00
# Visual Studio Version 17
VisualStudioVersion = 17.5.33516.290
MinimumVisualStudioVersion = 10.0.40219.1
Project("{FAE04EC0-301F-11D3-BF4B-00C04F79EFBC}") = "PointOfSale.Console", "PointOfSale.Console\PointOfSale.Console.csproj", "{2A9A4DCB-AB8D-44D4-B6A5-97E816E6DFCF}"
EndProject
Project("{FAE04EC0-301F-11D3-BF4B-00C04F79EFBC}") = "PointOfSale.Test", "PointOfSale.Test\PointOfSale.Test.csproj", "{EFEC587F-E9E0-4B45-B766-2531E8F49BFB}"
EndProject
Global
	GlobalSection(SolutionConfigurationPlatforms) = preSolution
		Debug|Any CPU = Debug|Any CPU
		Release|Any CPU = Release|Any CPU
	EndGlobalSection
	GlobalSection(ProjectConfigurationPlatforms) = postSolution
		{2A9A4DCB-AB8D-44D4-B6A5-97E816E6DFCF}.Debug|Any CPU.ActiveCfg = Debug|Any CPU
		{2A9A4DCB-AB8D-44D4-B6A5-97E816E6DFCF}.Debug|Any CPU.Build.0 = Debug|Any CPU
		{2A9A4DCB-AB8D-44D4-B6A5-97E816E6DFCF}.Release|Any CPU.ActiveCfg = Release|Any CPU
		{2A9A4DCB-AB8D-44D4-B6A5-97E816E6DFCF}.Release|Any CPU.Build.0 = Release|Any CPU
		{EFEC587F-E9E0-4B45-B766-2531E8F49BFB}.Debug|Any CPU.ActiveCfg = Debug|Any CPU
		{EFEC587F-E9E0-4B45-B766-2531E8F49BFB}.Debug|Any CPU.Build.0 = Debug|Any CPU
		{EFEC587F-E9E0-4B45-B766-2531E8F49BFB}.Release|Any CPU.ActiveCfg = Release|Any CPU
		{EFEC587F-E9E0-4B45-B766-2531E8F49BFB}.Release|Any CPU.Build.0 = Release|Any CPU
	EndGlobalSection
	GlobalSection(SolutionProperties) = preSolution
		HideSolutionNode = FALSE
	EndGlobalSection
	GlobalSection(ExtensibilityGlobals) = postSolution
		SolutionGuid = {3AE5AE6E-DA37-4E45-B220-DA6E14F758C9}
	EndGlobalSection
EndGlobal
